{
  "lockfile_version": "1",
  "packages": {
    "clusterctl@latest": {
      "last_modified": "2024-08-18T21:16:56Z",
      "resolved": "github:NixOS/nixpkgs/9aa35efbea27d320d0cdc5f922f0890812affb60#clusterctl",
      "source": "devbox-search",
      "version": "1.8.0",
      "systems": {
        "aarch64-darwin": {
          "outputs": [
            {
              "name": "out",
              "path": "/nix/store/9kj9j9jlz68bdmganw2jy9qfv1ggdbqh-clusterctl-1.8.0",
              "default": true
            }
          ],
          "store_path": "/nix/store/9kj9j9jlz68bdmganw2jy9qfv1ggdbqh-clusterctl-1.8.0"
        },
        "aarch64-linux": {
          "outputs": [
            {
              "name": "out",
              "path": "/nix/store/w0smjqy8psgnqgzscswpdp1c65n6pm5h-clusterctl-1.8.0",
              "default": true
            }
          ],
          "store_path": "/nix/store/w0smjqy8psgnqgzscswpdp1c65n6pm5h-clusterctl-1.8.0"
        },
        "x86_64-darwin": {
          "outputs": [
            {
              "name": "out",
              "path": "/nix/store/dnnchb14rb2r72sx6cj06xb1nsixq94r-clusterctl-1.8.0",
              "default": true
            }
          ],
          "store_path": "/nix/store/dnnchb14rb2r72sx6cj06xb1nsixq94r-clusterctl-1.8.0"
        },
        "x86_64-linux": {
          "outputs": [
            {
              "name": "out",
              "path": "/nix/store/bbdlp277ck65h5h9jk1r7m2msc43sqfd-clusterctl-1.8.0",
              "default": true
            }
          ],
          "store_path": "/nix/store/bbdlp277ck65h5h9jk1r7m2msc43sqfd-clusterctl-1.8.0"
        }
      }
    },
    "go@1.23.0": {
      "last_modified": "2024-08-14T11:41:26Z",
      "resolved": "github:NixOS/nixpkgs/0cb2fd7c59fed0cd82ef858cbcbdb552b9a33465#go_1_23",
      "source": "devbox-search",
      "version": "1.23.0",
      "systems": {
        "aarch64-darwin": {
          "outputs": [
            {
              "name": "out",
              "path": "/nix/store/x097y3rdlvw6ax1id52xx2didgzxjg34-go-1.23.0",
              "default": true
            }
          ],
          "store_path": "/nix/store/x097y3rdlvw6ax1id52xx2didgzxjg34-go-1.23.0"
        },
        "aarch64-linux": {
          "outputs": [
            {
              "name": "out",
              "path": "/nix/store/znns5qk7fbhjb89bqhabxjxpgiq2ag1a-go-1.23.0",
              "default": true
            }
          ],
          "store_path": "/nix/store/znns5qk7fbhjb89bqhabxjxpgiq2ag1a-go-1.23.0"
        },
        "x86_64-darwin": {
          "outputs": [
            {
              "name": "out",
              "path": "/nix/store/psym5ggdincwihwd81kssc4gbw1k3p3h-go-1.23.0",
              "default": true
            }
          ],
          "store_path": "/nix/store/psym5ggdincwihwd81kssc4gbw1k3p3h-go-1.23.0"
        },
        "x86_64-linux": {
          "outputs": [
            {
              "name": "out",
              "path": "/nix/store/0k144pnsvy0wa3dcl1y3df7d4zskylc4-go-1.23.0",
              "default": true
            }
          ],
          "store_path": "/nix/store/0k144pnsvy0wa3dcl1y3df7d4zskylc4-go-1.23.0"
        }
      }
    },
    "golangci-lint@latest": {
      "last_modified": "2024-08-27T08:49:48Z",
      "resolved": "github:NixOS/nixpkgs/a6292e34000dc93d43bccf78338770c1c5ec8a99#golangci-lint",
      "source": "devbox-search",
      "version": "1.60.3",
      "systems": {
        "aarch64-darwin": {
          "outputs": [
            {
              "name": "out",
              "path": "/nix/store/fvbi7pzail2vs96g6khy6r7xif900fqz-golangci-lint-1.60.3",
              "default": true
            }
          ],
          "store_path": "/nix/store/fvbi7pzail2vs96g6khy6r7xif900fqz-golangci-lint-1.60.3"
        },
        "aarch64-linux": {
          "outputs": [
            {
              "name": "out",
              "path": "/nix/store/8lff7iyx0d3r2w7i1gd2rbacxhbadqfm-golangci-lint-1.60.3",
              "default": true
            }
          ],
          "store_path": "/nix/store/8lff7iyx0d3r2w7i1gd2rbacxhbadqfm-golangci-lint-1.60.3"
        },
        "x86_64-darwin": {
          "outputs": [
            {
              "name": "out",
              "path": "/nix/store/yfqq3qrszh5gb61kfnhl723c1mqn81wl-golangci-lint-1.60.3",
              "default": true
            }
          ],
          "store_path": "/nix/store/yfqq3qrszh5gb61kfnhl723c1mqn81wl-golangci-lint-1.60.3"
        },
        "x86_64-linux": {
          "outputs": [
            {
              "name": "out",
              "path": "/nix/store/w01f9xdl47bf7d94hjma50c8ng1q712d-golangci-lint-1.60.3",
              "default": true
            }
          ],
          "store_path": "/nix/store/w01f9xdl47bf7d94hjma50c8ng1q712d-golangci-lint-1.60.3"
        }
      }
    },
    "kubectl@latest": {
      "last_modified": "2024-08-27T08:49:48Z",
      "resolved": "github:NixOS/nixpkgs/a6292e34000dc93d43bccf78338770c1c5ec8a99#kubectl",
      "source": "devbox-search",
      "version": "1.31.0",
      "systems": {
        "aarch64-darwin": {
          "outputs": [
            {
              "name": "out",
              "path": "/nix/store/pacm46wqi5b826zgn8jw0fvsmv3d1vp5-kubectl-1.31.0",
              "default": true
            },
            {
              "name": "man",
              "path": "/nix/store/8jscv0s6l8lfvm0d6ynfawkqf0614cyc-kubectl-1.31.0-man",
              "default": true
            },
            {
              "name": "convert",
              "path": "/nix/store/576fgcawai0b51j22mpz9q6wkb1myrrv-kubectl-1.31.0-convert"
            }
          ],
          "store_path": "/nix/store/pacm46wqi5b826zgn8jw0fvsmv3d1vp5-kubectl-1.31.0"
        },
        "aarch64-linux": {
          "outputs": [
            {
              "name": "out",
              "path": "/nix/store/sfb117bs03g8a72pwmh9d7wvr0j7v8sm-kubectl-1.31.0",
              "default": true
            },
            {
              "name": "man",
              "path": "/nix/store/ddq2jmp59mkyzizj59719z6pz1wn2vsc-kubectl-1.31.0-man",
              "default": true
            },
            {
              "name": "convert",
              "path": "/nix/store/qzazsvjmjpgm9v5sh5k1zpprb9p4zywg-kubectl-1.31.0-convert"
            }
          ],
          "store_path": "/nix/store/sfb117bs03g8a72pwmh9d7wvr0j7v8sm-kubectl-1.31.0"
        },
        "x86_64-darwin": {
          "outputs": [
            {
              "name": "out",
              "path": "/nix/store/96v91njgv1czm6zaki7w3mhyfygnyjkz-kubectl-1.31.0",
              "default": true
            },
            {
              "name": "man",
              "path": "/nix/store/2r21c007ycp4shlx0l9l5ihpw2baaz8w-kubectl-1.31.0-man",
              "default": true
            },
            {
              "name": "convert",
              "path": "/nix/store/07w4zfw0pkh5y5c308d9z57cm14dwyif-kubectl-1.31.0-convert"
            }
          ],
          "store_path": "/nix/store/96v91njgv1czm6zaki7w3mhyfygnyjkz-kubectl-1.31.0"
        },
        "x86_64-linux": {
          "outputs": [
            {
              "name": "out",
              "path": "/nix/store/333b7s1xsx584059hiqb15ajyhfbzr5x-kubectl-1.31.0",
              "default": true
            },
            {
              "name": "man",
              "path": "/nix/store/rzdrrbbdfvj3mdkmk3171l4y6mq5glmw-kubectl-1.31.0-man",
              "default": true
            },
            {
              "name": "convert",
              "path": "/nix/store/yka0p3c0sl72342yffxzi3pcj1dydyyf-kubectl-1.31.0-convert"
            }
          ],
          "store_path": "/nix/store/333b7s1xsx584059hiqb15ajyhfbzr5x-kubectl-1.31.0"
        }
      }
    }
  }
}
